
Microsoft Visual Studio Solution File, Format Version 12.00
Project("{FAE04EC0-301F-11D3-BF4B-00C04F79EFBC}") = "DistributedRaft.Cluster", "DistributedRaft.Cluster\DistributedRaft.Cluster.csproj", "{D3904AC5-687E-4FD2-87A6-3A50FB002904}"
EndProject
Project("{FAE04EC0-301F-11D3-BF4B-00C04F79EFBC}") = "DistributedRaft.Gateway", "DistributedRaft.Gateway\DistributedRaft.Gateway.csproj", "{989225AE-B008-434F-9BBA-A20414B891A3}"
EndProject
Project("{FAE04EC0-301F-11D3-BF4B-00C04F79EFBC}") = "DistributedRaft.Tests", "DistributedRaft.Tests\DistributedRaft.Tests.csproj", "{AC8C0825-2DDB-41D7-88D2-1FBD1F3ABF81}"
EndProject
Project("{FAE04EC0-301F-11D3-BF4B-00C04F79EFBC}") = "DistributedRaft.Shop", "DistributedRaft.Shop\DistributedRaft.Shop.csproj", "{2D58C953-0CCF-4D1C-9AF1-4288719123A9}"
EndProject
Global
	GlobalSection(SolutionConfigurationPlatforms) = preSolution
		Debug|Any CPU = Debug|Any CPU
		Release|Any CPU = Release|Any CPU
	EndGlobalSection
	GlobalSection(ProjectConfigurationPlatforms) = postSolution
		{D3904AC5-687E-4FD2-87A6-3A50FB002904}.Debug|Any CPU.ActiveCfg = Debug|Any CPU
		{D3904AC5-687E-4FD2-87A6-3A50FB002904}.Debug|Any CPU.Build.0 = Debug|Any CPU
		{D3904AC5-687E-4FD2-87A6-3A50FB002904}.Release|Any CPU.ActiveCfg = Release|Any CPU
		{D3904AC5-687E-4FD2-87A6-3A50FB002904}.Release|Any CPU.Build.0 = Release|Any CPU
		{989225AE-B008-434F-9BBA-A20414B891A3}.Debug|Any CPU.ActiveCfg = Debug|Any CPU
		{989225AE-B008-434F-9BBA-A20414B891A3}.Debug|Any CPU.Build.0 = Debug|Any CPU
		{989225AE-B008-434F-9BBA-A20414B891A3}.Release|Any CPU.ActiveCfg = Release|Any CPU
		{989225AE-B008-434F-9BBA-A20414B891A3}.Release|Any CPU.Build.0 = Release|Any CPU
		{AC8C0825-2DDB-41D7-88D2-1FBD1F3ABF81}.Debug|Any CPU.ActiveCfg = Debug|Any CPU
		{AC8C0825-2DDB-41D7-88D2-1FBD1F3ABF81}.Debug|Any CPU.Build.0 = Debug|Any CPU
		{AC8C0825-2DDB-41D7-88D2-1FBD1F3ABF81}.Release|Any CPU.ActiveCfg = Release|Any CPU
		{AC8C0825-2DDB-41D7-88D2-1FBD1F3ABF81}.Release|Any CPU.Build.0 = Release|Any CPU
		{2D58C953-0CCF-4D1C-9AF1-4288719123A9}.Debug|Any CPU.ActiveCfg = Debug|Any CPU
		{2D58C953-0CCF-4D1C-9AF1-4288719123A9}.Debug|Any CPU.Build.0 = Debug|Any CPU
		{2D58C953-0CCF-4D1C-9AF1-4288719123A9}.Release|Any CPU.ActiveCfg = Release|Any CPU
		{2D58C953-0CCF-4D1C-9AF1-4288719123A9}.Release|Any CPU.Build.0 = Release|Any CPU
	EndGlobalSection
	GlobalSection(NestedProjects) = preSolution
	EndGlobalSection
EndGlobal
